
Microsoft Visual Studio Solution File, Format Version 12.00
# Visual Studio Version 17
VisualStudioVersion = 17.2.32616.157
MinimumVisualStudioVersion = 10.0.40219.1
Project("{FAE04EC0-301F-11D3-BF4B-00C04F79EFBC}") = "RecipeMigrations", "RecipeMigrations\RecipeMigrations.csproj", "{65093DFC-97C6-45F4-A535-264529441841}"
EndProject
Project("{FAE04EC0-301F-11D3-BF4B-00C04F79EFBC}") = "RecipeAPI", "RecipeAPI\RecipeAPI.csproj", "{60199B50-5A15-4156-B0FD-31B85B8AAFF8}"
EndProject
Global
	GlobalSection(SolutionConfigurationPlatforms) = preSolution
		Debug|Any CPU = Debug|Any CPU
		Release|Any CPU = Release|Any CPU
	EndGlobalSection
	GlobalSection(ProjectConfigurationPlatforms) = postSolution
		{65093DFC-97C6-45F4-A535-264529441841}.Debug|Any CPU.ActiveCfg = Debug|Any CPU
		{65093DFC-97C6-45F4-A535-264529441841}.Debug|Any CPU.Build.0 = Debug|Any CPU
		{65093DFC-97C6-45F4-A535-264529441841}.Release|Any CPU.ActiveCfg = Release|Any CPU
		{65093DFC-97C6-45F4-A535-264529441841}.Release|Any CPU.Build.0 = Release|Any CPU
		{60199B50-5A15-4156-B0FD-31B85B8AAFF8}.Debug|Any CPU.ActiveCfg = Debug|Any CPU
		{60199B50-5A15-4156-B0FD-31B85B8AAFF8}.Debug|Any CPU.Build.0 = Debug|Any CPU
		{60199B50-5A15-4156-B0FD-31B85B8AAFF8}.Release|Any CPU.ActiveCfg = Release|Any CPU
		{60199B50-5A15-4156-B0FD-31B85B8AAFF8}.Release|Any CPU.Build.0 = Release|Any CPU
	EndGlobalSection
	GlobalSection(SolutionProperties) = preSolution
		HideSolutionNode = FALSE
	EndGlobalSection
	GlobalSection(ExtensibilityGlobals) = postSolution
		SolutionGuid = {59072B3C-20E4-4562-8126-C3A00B35972A}
	EndGlobalSection
EndGlobal
